// !$*UTF8*$!
{
	archiveVersion = 1;
	classes = {
	};
	objectVersion = 46;
	objects = {

/* Begin PBXBuildFile section */
		121D0BA61F6D047D00DEC6ED /* Movie.swift in Sources */ = {isa = PBXBuildFile; fileRef = 121D0BA51F6D047D00DEC6ED /* Movie.swift */; };
		121D0BA81F6DCBE900DEC6ED /* TheMovieDBApi.swift in Sources */ = {isa = PBXBuildFile; fileRef = 121D0BA71F6DCBE900DEC6ED /* TheMovieDBApi.swift */; };
		121D0BAA1F6E311F00DEC6ED /* DetailsViewController.swift in Sources */ = {isa = PBXBuildFile; fileRef = 121D0BA91F6E311F00DEC6ED /* DetailsViewController.swift */; };
		12B559891F6A104A00B32108 /* AppDelegate.swift in Sources */ = {isa = PBXBuildFile; fileRef = 12B559881F6A104A00B32108 /* AppDelegate.swift */; };
		12B5598B1F6A104A00B32108 /* MoviesViewController.swift in Sources */ = {isa = PBXBuildFile; fileRef = 12B5598A1F6A104A00B32108 /* MoviesViewController.swift */; };
		12B5598E1F6A104A00B32108 /* Main.storyboard in Resources */ = {isa = PBXBuildFile; fileRef = 12B5598C1F6A104A00B32108 /* Main.storyboard */; };
		12B559901F6A104A00B32108 /* Assets.xcassets in Resources */ = {isa = PBXBuildFile; fileRef = 12B5598F1F6A104A00B32108 /* Assets.xcassets */; };
		12B559931F6A104A00B32108 /* LaunchScreen.storyboard in Resources */ = {isa = PBXBuildFile; fileRef = 12B559911F6A104A00B32108 /* LaunchScreen.storyboard */; };
		12B5599E1F6A104A00B32108 /* FlicksTests.swift in Sources */ = {isa = PBXBuildFile; fileRef = 12B5599D1F6A104A00B32108 /* FlicksTests.swift */; };
		12B559A91F6A104A00B32108 /* FlicksUITests.swift in Sources */ = {isa = PBXBuildFile; fileRef = 12B559A81F6A104A00B32108 /* FlicksUITests.swift */; };
		12B559F71F6C75DF00B32108 /* MoviesTableViewCell.swift in Sources */ = {isa = PBXBuildFile; fileRef = 12B559F61F6C75DF00B32108 /* MoviesTableViewCell.swift */; };
		18CF2A3AAF189E3F0DF04C7F /* Pods_Flicks.framework in Frameworks */ = {isa = PBXBuildFile; fileRef = 4C7EF70ECC8ABCFED1798EB2 /* Pods_Flicks.framework */; };
		38C4F18DB06C8D91A9140F01 /* Pods_FlicksTests.framework in Frameworks */ = {isa = PBXBuildFile; fileRef = C222A8173DFEF85B06E37215 /* Pods_FlicksTests.framework */; };
		9F2751E154BE11765D774211 /* Pods_FlicksUITests.framework in Frameworks */ = {isa = PBXBuildFile; fileRef = 7F34E8692D544771A0F52DB8 /* Pods_FlicksUITests.framework */; };
/* End PBXBuildFile section */

/* Begin PBXContainerItemProxy section */
		12B5599A1F6A104A00B32108 /* PBXContainerItemProxy */ = {
			isa = PBXContainerItemProxy;
			containerPortal = 12B5597D1F6A104A00B32108 /* Project object */;
			proxyType = 1;
			remoteGlobalIDString = 12B559841F6A104A00B32108;
			remoteInfo = Flicks;
		};
		12B559A51F6A104A00B32108 /* PBXContainerItemProxy */ = {
			isa = PBXContainerItemProxy;
			containerPortal = 12B5597D1F6A104A00B32108 /* Project object */;
			proxyType = 1;
			remoteGlobalIDString = 12B559841F6A104A00B32108;
			remoteInfo = Flicks;
		};
/* End PBXContainerItemProxy section */

/* Begin PBXFileReference section */
		12133FE014FDD0024AAD7911 /* Pods-FlicksUITests.release.xcconfig */ = {isa = PBXFileReference; includeInIndex = 1; lastKnownFileType = text.xcconfig; name = "Pods-FlicksUITests.release.xcconfig"; path = "Pods/Target Support Files/Pods-FlicksUITests/Pods-FlicksUITests.release.xcconfig"; sourceTree = "<group>"; };
		121D0BA51F6D047D00DEC6ED /* Movie.swift */ = {isa = PBXFileReference; fileEncoding = 4; lastKnownFileType = sourcecode.swift; path = Movie.swift; sourceTree = "<group>"; };
		121D0BA71F6DCBE900DEC6ED /* TheMovieDBApi.swift */ = {isa = PBXFileReference; fileEncoding = 4; lastKnownFileType = sourcecode.swift; path = TheMovieDBApi.swift; sourceTree = "<group>"; };
		121D0BA91F6E311F00DEC6ED /* DetailsViewController.swift */ = {isa = PBXFileReference; fileEncoding = 4; lastKnownFileType = sourcecode.swift; path = DetailsViewController.swift; sourceTree = "<group>"; };
		121D0BAB1F6F845000DEC6ED /* Flicks-Bridging-Header.h */ = {isa = PBXFileReference; lastKnownFileType = sourcecode.c.h; path = "Flicks-Bridging-Header.h"; sourceTree = "<group>"; };
		12B559851F6A104A00B32108 /* Flicks.app */ = {isa = PBXFileReference; explicitFileType = wrapper.application; includeInIndex = 0; path = Flicks.app; sourceTree = BUILT_PRODUCTS_DIR; };
		12B559881F6A104A00B32108 /* AppDelegate.swift */ = {isa = PBXFileReference; lastKnownFileType = sourcecode.swift; path = AppDelegate.swift; sourceTree = "<group>"; };
		12B5598A1F6A104A00B32108 /* MoviesViewController.swift */ = {isa = PBXFileReference; lastKnownFileType = sourcecode.swift; path = MoviesViewController.swift; sourceTree = "<group>"; };
		12B5598D1F6A104A00B32108 /* Base */ = {isa = PBXFileReference; lastKnownFileType = file.storyboard; name = Base; path = Base.lproj/Main.storyboard; sourceTree = "<group>"; };
		12B5598F1F6A104A00B32108 /* Assets.xcassets */ = {isa = PBXFileReference; lastKnownFileType = folder.assetcatalog; path = Assets.xcassets; sourceTree = "<group>"; };
		12B559921F6A104A00B32108 /* Base */ = {isa = PBXFileReference; lastKnownFileType = file.storyboard; name = Base; path = Base.lproj/LaunchScreen.storyboard; sourceTree = "<group>"; };
		12B559941F6A104A00B32108 /* Info.plist */ = {isa = PBXFileReference; lastKnownFileType = text.plist.xml; path = Info.plist; sourceTree = "<group>"; };
		12B559991F6A104A00B32108 /* FlicksTests.xctest */ = {isa = PBXFileReference; explicitFileType = wrapper.cfbundle; includeInIndex = 0; path = FlicksTests.xctest; sourceTree = BUILT_PRODUCTS_DIR; };
		12B5599D1F6A104A00B32108 /* FlicksTests.swift */ = {isa = PBXFileReference; lastKnownFileType = sourcecode.swift; path = FlicksTests.swift; sourceTree = "<group>"; };
		12B5599F1F6A104A00B32108 /* Info.plist */ = {isa = PBXFileReference; lastKnownFileType = text.plist.xml; path = Info.plist; sourceTree = "<group>"; };
		12B559A41F6A104A00B32108 /* FlicksUITests.xctest */ = {isa = PBXFileReference; explicitFileType = wrapper.cfbundle; includeInIndex = 0; path = FlicksUITests.xctest; sourceTree = BUILT_PRODUCTS_DIR; };
		12B559A81F6A104A00B32108 /* FlicksUITests.swift */ = {isa = PBXFileReference; lastKnownFileType = sourcecode.swift; path = FlicksUITests.swift; sourceTree = "<group>"; };
		12B559AA1F6A104A00B32108 /* Info.plist */ = {isa = PBXFileReference; lastKnownFileType = text.plist.xml; path = Info.plist; sourceTree = "<group>"; };
		12B559F61F6C75DF00B32108 /* MoviesTableViewCell.swift */ = {isa = PBXFileReference; fileEncoding = 4; lastKnownFileType = sourcecode.swift; path = MoviesTableViewCell.swift; sourceTree = "<group>"; };
		23C4A61FC715DA2614424834 /* Pods-FlicksTests.release.xcconfig */ = {isa = PBXFileReference; includeInIndex = 1; lastKnownFileType = text.xcconfig; name = "Pods-FlicksTests.release.xcconfig"; path = "Pods/Target Support Files/Pods-FlicksTests/Pods-FlicksTests.release.xcconfig"; sourceTree = "<group>"; };
		4C7EF70ECC8ABCFED1798EB2 /* Pods_Flicks.framework */ = {isa = PBXFileReference; explicitFileType = wrapper.framework; includeInIndex = 0; path = Pods_Flicks.framework; sourceTree = BUILT_PRODUCTS_DIR; };
		57B71DA1EE3B51935491B34F /* Pods-FlicksTests.debug.xcconfig */ = {isa = PBXFileReference; includeInIndex = 1; lastKnownFileType = text.xcconfig; name = "Pods-FlicksTests.debug.xcconfig"; path = "Pods/Target Support Files/Pods-FlicksTests/Pods-FlicksTests.debug.xcconfig"; sourceTree = "<group>"; };
		70D47DD7471329A7DA5854CF /* Pods-FlicksUITests.debug.xcconfig */ = {isa = PBXFileReference; includeInIndex = 1; lastKnownFileType = text.xcconfig; name = "Pods-FlicksUITests.debug.xcconfig"; path = "Pods/Target Support Files/Pods-FlicksUITests/Pods-FlicksUITests.debug.xcconfig"; sourceTree = "<group>"; };
		7F34E8692D544771A0F52DB8 /* Pods_FlicksUITests.framework */ = {isa = PBXFileReference; explicitFileType = wrapper.framework; includeInIndex = 0; path = Pods_FlicksUITests.framework; sourceTree = BUILT_PRODUCTS_DIR; };
		B11B92F131CF4DCF1D472193 /* Pods-Flicks.debug.xcconfig */ = {isa = PBXFileReference; includeInIndex = 1; lastKnownFileType = text.xcconfig; name = "Pods-Flicks.debug.xcconfig"; path = "Pods/Target Support Files/Pods-Flicks/Pods-Flicks.debug.xcconfig"; sourceTree = "<group>"; };
		C222A8173DFEF85B06E37215 /* Pods_FlicksTests.framework */ = {isa = PBXFileReference; explicitFileType = wrapper.framework; includeInIndex = 0; path = Pods_FlicksTests.framework; sourceTree = BUILT_PRODUCTS_DIR; };
		E5BCD07F56F12F05CCF25C77 /* Pods-Flicks.release.xcconfig */ = {isa = PBXFileReference; includeInIndex = 1; lastKnownFileType = text.xcconfig; name = "Pods-Flicks.release.xcconfig"; path = "Pods/Target Support Files/Pods-Flicks/Pods-Flicks.release.xcconfig"; sourceTree = "<group>"; };
/* End PBXFileReference section */

/* Begin PBXFrameworksBuildPhase section */
		12B559821F6A104A00B32108 /* Frameworks */ = {
			isa = PBXFrameworksBuildPhase;
			buildActionMask = 2147483647;
			files = (
				18CF2A3AAF189E3F0DF04C7F /* Pods_Flicks.framework in Frameworks */,
			);
			runOnlyForDeploymentPostprocessing = 0;
		};
		12B559961F6A104A00B32108 /* Frameworks */ = {
			isa = PBXFrameworksBuildPhase;
			buildActionMask = 2147483647;
			files = (
				38C4F18DB06C8D91A9140F01 /* Pods_FlicksTests.framework in Frameworks */,
			);
			runOnlyForDeploymentPostprocessing = 0;
		};
		12B559A11F6A104A00B32108 /* Frameworks */ = {
			isa = PBXFrameworksBuildPhase;
			buildActionMask = 2147483647;
			files = (
				9F2751E154BE11765D774211 /* Pods_FlicksUITests.framework in Frameworks */,
			);
			runOnlyForDeploymentPostprocessing = 0;
		};
/* End PBXFrameworksBuildPhase section */

/* Begin PBXGroup section */
		1046E62F00BBF8B7CE561D99 /* Frameworks */ = {
			isa = PBXGroup;
			children = (
				4C7EF70ECC8ABCFED1798EB2 /* Pods_Flicks.framework */,
				C222A8173DFEF85B06E37215 /* Pods_FlicksTests.framework */,
				7F34E8692D544771A0F52DB8 /* Pods_FlicksUITests.framework */,
			);
			name = Frameworks;
			sourceTree = "<group>";
		};
		12B5597C1F6A104A00B32108 = {
			isa = PBXGroup;
			children = (
				12B559871F6A104A00B32108 /* Flicks */,
				12B5599C1F6A104A00B32108 /* FlicksTests */,
				12B559A71F6A104A00B32108 /* FlicksUITests */,
				12B559861F6A104A00B32108 /* Products */,
				768485A5C922208DCBE4D8B5 /* Pods */,
				1046E62F00BBF8B7CE561D99 /* Frameworks */,
			);
			sourceTree = "<group>";
		};
		12B559861F6A104A00B32108 /* Products */ = {
			isa = PBXGroup;
			children = (
				12B559851F6A104A00B32108 /* Flicks.app */,
				12B559991F6A104A00B32108 /* FlicksTests.xctest */,
				12B559A41F6A104A00B32108 /* FlicksUITests.xctest */,
			);
			name = Products;
			sourceTree = "<group>";
		};
		12B559871F6A104A00B32108 /* Flicks */ = {
			isa = PBXGroup;
			children = (
				12B559881F6A104A00B32108 /* AppDelegate.swift */,
				12B5598A1F6A104A00B32108 /* MoviesViewController.swift */,
				121D0BA91F6E311F00DEC6ED /* DetailsViewController.swift */,
				12B559F61F6C75DF00B32108 /* MoviesTableViewCell.swift */,
				12B5598C1F6A104A00B32108 /* Main.storyboard */,
				121D0BA51F6D047D00DEC6ED /* Movie.swift */,
				121D0BA71F6DCBE900DEC6ED /* TheMovieDBApi.swift */,
				12B5598F1F6A104A00B32108 /* Assets.xcassets */,
				12B559911F6A104A00B32108 /* LaunchScreen.storyboard */,
				12B559941F6A104A00B32108 /* Info.plist */,
				121D0BAB1F6F845000DEC6ED /* Flicks-Bridging-Header.h */,
			);
			path = Flicks;
			sourceTree = "<group>";
		};
		12B5599C1F6A104A00B32108 /* FlicksTests */ = {
			isa = PBXGroup;
			children = (
				12B5599D1F6A104A00B32108 /* FlicksTests.swift */,
				12B5599F1F6A104A00B32108 /* Info.plist */,
			);
			path = FlicksTests;
			sourceTree = "<group>";
		};
		12B559A71F6A104A00B32108 /* FlicksUITests */ = {
			isa = PBXGroup;
			children = (
				12B559A81F6A104A00B32108 /* FlicksUITests.swift */,
				12B559AA1F6A104A00B32108 /* Info.plist */,
			);
			path = FlicksUITests;
			sourceTree = "<group>";
		};
		768485A5C922208DCBE4D8B5 /* Pods */ = {
			isa = PBXGroup;
			children = (
				B11B92F131CF4DCF1D472193 /* Pods-Flicks.debug.xcconfig */,
				E5BCD07F56F12F05CCF25C77 /* Pods-Flicks.release.xcconfig */,
				57B71DA1EE3B51935491B34F /* Pods-FlicksTests.debug.xcconfig */,
				23C4A61FC715DA2614424834 /* Pods-FlicksTests.release.xcconfig */,
				70D47DD7471329A7DA5854CF /* Pods-FlicksUITests.debug.xcconfig */,
				12133FE014FDD0024AAD7911 /* Pods-FlicksUITests.release.xcconfig */,
			);
			name = Pods;
			sourceTree = "<group>";
		};
/* End PBXGroup section */

/* Begin PBXNativeTarget section */
		12B559841F6A104A00B32108 /* Flicks */ = {
			isa = PBXNativeTarget;
			buildConfigurationList = 12B559AD1F6A104A00B32108 /* Build configuration list for PBXNativeTarget "Flicks" */;
			buildPhases = (
				A012F1A609E290218EAF009D /* [CP] Check Pods Manifest.lock */,
				12B559811F6A104A00B32108 /* Sources */,
				12B559821F6A104A00B32108 /* Frameworks */,
				12B559831F6A104A00B32108 /* Resources */,
				6BFEA1D8AA11EA9037D91DDF /* [CP] Embed Pods Frameworks */,
				B5C4DB9B0766FF646EC01C2C /* [CP] Copy Pods Resources */,
			);
			buildRules = (
			);
			dependencies = (
			);
			name = Flicks;
			productName = Flicks;
			productReference = 12B559851F6A104A00B32108 /* Flicks.app */;
			productType = "com.apple.product-type.application";
		};
		12B559981F6A104A00B32108 /* FlicksTests */ = {
			isa = PBXNativeTarget;
			buildConfigurationList = 12B559B01F6A104A00B32108 /* Build configuration list for PBXNativeTarget "FlicksTests" */;
			buildPhases = (
				046A6E0126FDB28864541F84 /* [CP] Check Pods Manifest.lock */,
				12B559951F6A104A00B32108 /* Sources */,
				12B559961F6A104A00B32108 /* Frameworks */,
				12B559971F6A104A00B32108 /* Resources */,
				F4B6259F0B61B3B1E2353E78 /* [CP] Embed Pods Frameworks */,
				73842E4A2D34050C2E83B88D /* [CP] Copy Pods Resources */,
			);
			buildRules = (
			);
			dependencies = (
				12B5599B1F6A104A00B32108 /* PBXTargetDependency */,
			);
			name = FlicksTests;
			productName = FlicksTests;
			productReference = 12B559991F6A104A00B32108 /* FlicksTests.xctest */;
			productType = "com.apple.product-type.bundle.unit-test";
		};
		12B559A31F6A104A00B32108 /* FlicksUITests */ = {
			isa = PBXNativeTarget;
			buildConfigurationList = 12B559B31F6A104A00B32108 /* Build configuration list for PBXNativeTarget "FlicksUITests" */;
			buildPhases = (
				B9734151D8E673837F95CB73 /* [CP] Check Pods Manifest.lock */,
				12B559A01F6A104A00B32108 /* Sources */,
				12B559A11F6A104A00B32108 /* Frameworks */,
				12B559A21F6A104A00B32108 /* Resources */,
				90C187F83943DE6DA3D15338 /* [CP] Embed Pods Frameworks */,
				275B96B0979AC3F4256DDFF1 /* [CP] Copy Pods Resources */,
			);
			buildRules = (
			);
			dependencies = (
				12B559A61F6A104A00B32108 /* PBXTargetDependency */,
			);
			name = FlicksUITests;
			productName = FlicksUITests;
			productReference = 12B559A41F6A104A00B32108 /* FlicksUITests.xctest */;
			productType = "com.apple.product-type.bundle.ui-testing";
		};
/* End PBXNativeTarget section */

/* Begin PBXProject section */
		12B5597D1F6A104A00B32108 /* Project object */ = {
			isa = PBXProject;
			attributes = {
				LastSwiftUpdateCheck = 0830;
				LastUpgradeCheck = 0830;
				ORGANIZATIONNAME = "Nader Neyzi";
				TargetAttributes = {
					12B559841F6A104A00B32108 = {
						CreatedOnToolsVersion = 8.3.3;
						DevelopmentTeam = 8ACVWC32HP;
						LastSwiftMigration = 0830;
						ProvisioningStyle = Automatic;
					};
					12B559981F6A104A00B32108 = {
						CreatedOnToolsVersion = 8.3.3;
						ProvisioningStyle = Automatic;
						TestTargetID = 12B559841F6A104A00B32108;
					};
					12B559A31F6A104A00B32108 = {
						CreatedOnToolsVersion = 8.3.3;
						ProvisioningStyle = Automatic;
						TestTargetID = 12B559841F6A104A00B32108;
					};
				};
			};
			buildConfigurationList = 12B559801F6A104A00B32108 /* Build configuration list for PBXProject "Flicks" */;
			compatibilityVersion = "Xcode 3.2";
			developmentRegion = English;
			hasScannedForEncodings = 0;
			knownRegions = (
				en,
				Base,
			);
			mainGroup = 12B5597C1F6A104A00B32108;
			productRefGroup = 12B559861F6A104A00B32108 /* Products */;
			projectDirPath = "";
			projectRoot = "";
			targets = (
				12B559841F6A104A00B32108 /* Flicks */,
				12B559981F6A104A00B32108 /* FlicksTests */,
				12B559A31F6A104A00B32108 /* FlicksUITests */,
			);
		};
/* End PBXProject section */

/* Begin PBXResourcesBuildPhase section */
		12B559831F6A104A00B32108 /* Resources */ = {
			isa = PBXResourcesBuildPhase;
			buildActionMask = 2147483647;
			files = (
				12B559931F6A104A00B32108 /* LaunchScreen.storyboard in Resources */,
				12B559901F6A104A00B32108 /* Assets.xcassets in Resources */,
				12B5598E1F6A104A00B32108 /* Main.storyboard in Resources */,
			);
			runOnlyForDeploymentPostprocessing = 0;
		};
		12B559971F6A104A00B32108 /* Resources */ = {
			isa = PBXResourcesBuildPhase;
			buildActionMask = 2147483647;
			files = (
			);
			runOnlyForDeploymentPostprocessing = 0;
		};
		12B559A21F6A104A00B32108 /* Resources */ = {
			isa = PBXResourcesBuildPhase;
			buildActionMask = 2147483647;
			files = (
			);
			runOnlyForDeploymentPostprocessing = 0;
		};
/* End PBXResourcesBuildPhase section */

/* Begin PBXShellScriptBuildPhase section */
		046A6E0126FDB28864541F84 /* [CP] Check Pods Manifest.lock */ = {
			isa = PBXShellScriptBuildPhase;
			buildActionMask = 2147483647;
			files = (
			);
			inputPaths = (
				"${PODS_PODFILE_DIR_PATH}/Podfile.lock",
				"${PODS_ROOT}/Manifest.lock",
			);
			name = "[CP] Check Pods Manifest.lock";
			outputPaths = (
				"$(DERIVED_FILE_DIR)/Pods-FlicksTests-checkManifestLockResult.txt",
			);
			runOnlyForDeploymentPostprocessing = 0;
			shellPath = /bin/sh;
			shellScript = "diff \"${PODS_PODFILE_DIR_PATH}/Podfile.lock\" \"${PODS_ROOT}/Manifest.lock\" > /dev/null\nif [ $? != 0 ] ; then\n    # print error to STDERR\n    echo \"error: The sandbox is not in sync with the Podfile.lock. Run 'pod install' or update your CocoaPods installation.\" >&2\n    exit 1\nfi\n# This output is used by Xcode 'outputs' to avoid re-running this script phase.\necho \"SUCCESS\" > \"${SCRIPT_OUTPUT_FILE_0}\"\n";
			showEnvVarsInLog = 0;
		};
		275B96B0979AC3F4256DDFF1 /* [CP] Copy Pods Resources */ = {
			isa = PBXShellScriptBuildPhase;
			buildActionMask = 2147483647;
			files = (
			);
			inputPaths = (
			);
			name = "[CP] Copy Pods Resources";
			outputPaths = (
			);
			runOnlyForDeploymentPostprocessing = 0;
			shellPath = /bin/sh;
			shellScript = "\"${SRCROOT}/Pods/Target Support Files/Pods-FlicksUITests/Pods-FlicksUITests-resources.sh\"\n";
			showEnvVarsInLog = 0;
		};
		6BFEA1D8AA11EA9037D91DDF /* [CP] Embed Pods Frameworks */ = {
			isa = PBXShellScriptBuildPhase;
			buildActionMask = 2147483647;
			files = (
			);
			inputPaths = (
				"${SRCROOT}/Pods/Target Support Files/Pods-Flicks/Pods-Flicks-frameworks.sh",
				"${BUILT_PRODUCTS_DIR}/AFNetworking/AFNetworking.framework",
				"${BUILT_PRODUCTS_DIR}/MBProgressHUD/MBProgressHUD.framework",
			);
			name = "[CP] Embed Pods Frameworks";
			outputPaths = (
				"${TARGET_BUILD_DIR}/${FRAMEWORKS_FOLDER_PATH}/AFNetworking.framework",
				"${TARGET_BUILD_DIR}/${FRAMEWORKS_FOLDER_PATH}/MBProgressHUD.framework",
			);
			runOnlyForDeploymentPostprocessing = 0;
			shellPath = /bin/sh;
			shellScript = "\"${SRCROOT}/Pods/Target Support Files/Pods-Flicks/Pods-Flicks-frameworks.sh\"\n";
			showEnvVarsInLog = 0;
		};
		73842E4A2D34050C2E83B88D /* [CP] Copy Pods Resources */ = {
			isa = PBXShellScriptBuildPhase;
			buildActionMask = 2147483647;
			files = (
			);
			inputPaths = (
			);
			name = "[CP] Copy Pods Resources";
			outputPaths = (
			);
			runOnlyForDeploymentPostprocessing = 0;
			shellPath = /bin/sh;
			shellScript = "\"${SRCROOT}/Pods/Target Support Files/Pods-FlicksTests/Pods-FlicksTests-resources.sh\"\n";
			showEnvVarsInLog = 0;
		};
		90C187F83943DE6DA3D15338 /* [CP] Embed Pods Frameworks */ = {
			isa = PBXShellScriptBuildPhase;
			buildActionMask = 2147483647;
			files = (
			);
			inputPaths = (
			);
			name = "[CP] Embed Pods Frameworks";
			outputPaths = (
			);
			runOnlyForDeploymentPostprocessing = 0;
			shellPath = /bin/sh;
			shellScript = "\"${SRCROOT}/Pods/Target Support Files/Pods-FlicksUITests/Pods-FlicksUITests-frameworks.sh\"\n";
			showEnvVarsInLog = 0;
		};
		A012F1A609E290218EAF009D /* [CP] Check Pods Manifest.lock */ = {
			isa = PBXShellScriptBuildPhase;
			buildActionMask = 2147483647;
			files = (
			);
			inputPaths = (
				"${PODS_PODFILE_DIR_PATH}/Podfile.lock",
				"${PODS_ROOT}/Manifest.lock",
			);
			name = "[CP] Check Pods Manifest.lock";
			outputPaths = (
				"$(DERIVED_FILE_DIR)/Pods-Flicks-checkManifestLockResult.txt",
			);
			runOnlyForDeploymentPostprocessing = 0;
			shellPath = /bin/sh;
			shellScript = "diff \"${PODS_PODFILE_DIR_PATH}/Podfile.lock\" \"${PODS_ROOT}/Manifest.lock\" > /dev/null\nif [ $? != 0 ] ; then\n    # print error to STDERR\n    echo \"error: The sandbox is not in sync with the Podfile.lock. Run 'pod install' or update your CocoaPods installation.\" >&2\n    exit 1\nfi\n# This output is used by Xcode 'outputs' to avoid re-running this script phase.\necho \"SUCCESS\" > \"${SCRIPT_OUTPUT_FILE_0}\"\n";
			showEnvVarsInLog = 0;
		};
		B5C4DB9B0766FF646EC01C2C /* [CP] Copy Pods Resources */ = {
			isa = PBXShellScriptBuildPhase;
			buildActionMask = 2147483647;
			files = (
			);
			inputPaths = (
			);
			name = "[CP] Copy Pods Resources";
			outputPaths = (
			);
			runOnlyForDeploymentPostprocessing = 0;
			shellPath = /bin/sh;
			shellScript = "\"${SRCROOT}/Pods/Target Support Files/Pods-Flicks/Pods-Flicks-resources.sh\"\n";
			showEnvVarsInLog = 0;
		};
		B9734151D8E673837F95CB73 /* [CP] Check Pods Manifest.lock */ = {
			isa = PBXShellScriptBuildPhase;
			buildActionMask = 2147483647;
			files = (
			);
			inputPaths = (
				"${PODS_PODFILE_DIR_PATH}/Podfile.lock",
				"${PODS_ROOT}/Manifest.lock",
			);
			name = "[CP] Check Pods Manifest.lock";
			outputPaths = (
				"$(DERIVED_FILE_DIR)/Pods-FlicksUITests-checkManifestLockResult.txt",
			);
			runOnlyForDeploymentPostprocessing = 0;
			shellPath = /bin/sh;
			shellScript = "diff \"${PODS_PODFILE_DIR_PATH}/Podfile.lock\" \"${PODS_ROOT}/Manifest.lock\" > /dev/null\nif [ $? != 0 ] ; then\n    # print error to STDERR\n    echo \"error: The sandbox is not in sync with the Podfile.lock. Run 'pod install' or update your CocoaPods installation.\" >&2\n    exit 1\nfi\n# This output is used by Xcode 'outputs' to avoid re-running this script phase.\necho \"SUCCESS\" > \"${SCRIPT_OUTPUT_FILE_0}\"\n";
			showEnvVarsInLog = 0;
		};
		F4B6259F0B61B3B1E2353E78 /* [CP] Embed Pods Frameworks */ = {
			isa = PBXShellScriptBuildPhase;
			buildActionMask = 2147483647;
			files = (
			);
			inputPaths = (
			);
			name = "[CP] Embed Pods Frameworks";
			outputPaths = (
			);
			runOnlyForDeploymentPostprocessing = 0;
			shellPath = /bin/sh;
			shellScript = "\"${SRCROOT}/Pods/Target Support Files/Pods-FlicksTests/Pods-FlicksTests-frameworks.sh\"\n";
			showEnvVarsInLog = 0;
		};
/* End PBXShellScriptBuildPhase section */

/* Begin PBXSourcesBuildPhase section */
		12B559811F6A104A00B32108 /* Sources */ = {
			isa = PBXSourcesBuildPhase;
			buildActionMask = 2147483647;
			files = (
				12B559F71F6C75DF00B32108 /* MoviesTableViewCell.swift in Sources */,
				12B5598B1F6A104A00B32108 /* MoviesViewController.swift in Sources */,
				121D0BA61F6D047D00DEC6ED /* Movie.swift in Sources */,
				121D0BA81F6DCBE900DEC6ED /* TheMovieDBApi.swift in Sources */,
				12B559891F6A104A00B32108 /* AppDelegate.swift in Sources */,
				121D0BAA1F6E311F00DEC6ED /* DetailsViewController.swift in Sources */,
			);
			runOnlyForDeploymentPostprocessing = 0;
		};
		12B559951F6A104A00B32108 /* Sources */ = {
			isa = PBXSourcesBuildPhase;
			buildActionMask = 2147483647;
			files = (
				12B5599E1F6A104A00B32108 /* FlicksTests.swift in Sources */,
			);
			runOnlyForDeploymentPostprocessing = 0;
		};
		12B559A01F6A104A00B32108 /* Sources */ = {
			isa = PBXSourcesBuildPhase;
			buildActionMask = 2147483647;
			files = (
				12B559A91F6A104A00B32108 /* FlicksUITests.swift in Sources */,
			);
			runOnlyForDeploymentPostprocessing = 0;
		};
/* End PBXSourcesBuildPhase section */

/* Begin PBXTargetDependency section */
		12B5599B1F6A104A00B32108 /* PBXTargetDependency */ = {
			isa = PBXTargetDependency;
			target = 12B559841F6A104A00B32108 /* Flicks */;
			targetProxy = 12B5599A1F6A104A00B32108 /* PBXContainerItemProxy */;
		};
		12B559A61F6A104A00B32108 /* PBXTargetDependency */ = {
			isa = PBXTargetDependency;
			target = 12B559841F6A104A00B32108 /* Flicks */;
			targetProxy = 12B559A51F6A104A00B32108 /* PBXContainerItemProxy */;
		};
/* End PBXTargetDependency section */

/* Begin PBXVariantGroup section */
		12B5598C1F6A104A00B32108 /* Main.storyboard */ = {
			isa = PBXVariantGroup;
			children = (
				12B5598D1F6A104A00B32108 /* Base */,
			);
			name = Main.storyboard;
			sourceTree = "<group>";
		};
		12B559911F6A104A00B32108 /* LaunchScreen.storyboard */ = {
			isa = PBXVariantGroup;
			children = (
				12B559921F6A104A00B32108 /* Base */,
			);
			name = LaunchScreen.storyboard;
			sourceTree = "<group>";
		};
/* End PBXVariantGroup section */

/* Begin XCBuildConfiguration section */
		12B559AB1F6A104A00B32108 /* Debug */ = {
			isa = XCBuildConfiguration;
			buildSettings = {
				ALWAYS_SEARCH_USER_PATHS = NO;
				CLANG_ANALYZER_NONNULL = YES;
				CLANG_ANALYZER_NUMBER_OBJECT_CONVERSION = YES_AGGRESSIVE;
				CLANG_CXX_LANGUAGE_STANDARD = "gnu++0x";
				CLANG_CXX_LIBRARY = "libc++";
				CLANG_ENABLE_MODULES = YES;
				CLANG_ENABLE_OBJC_ARC = YES;
				CLANG_WARN_BOOL_CONVERSION = YES;
				CLANG_WARN_CONSTANT_CONVERSION = YES;
				CLANG_WARN_DIRECT_OBJC_ISA_USAGE = YES_ERROR;
				CLANG_WARN_DOCUMENTATION_COMMENTS = YES;
				CLANG_WARN_EMPTY_BODY = YES;
				CLANG_WARN_ENUM_CONVERSION = YES;
				CLANG_WARN_INFINITE_RECURSION = YES;
				CLANG_WARN_INT_CONVERSION = YES;
				CLANG_WARN_OBJC_ROOT_CLASS = YES_ERROR;
				CLANG_WARN_SUSPICIOUS_MOVE = YES;
				CLANG_WARN_UNREACHABLE_CODE = YES;
				CLANG_WARN__DUPLICATE_METHOD_MATCH = YES;
				"CODE_SIGN_IDENTITY[sdk=iphoneos*]" = "iPhone Developer";
				COPY_PHASE_STRIP = NO;
				DEBUG_INFORMATION_FORMAT = dwarf;
				ENABLE_STRICT_OBJC_MSGSEND = YES;
				ENABLE_TESTABILITY = YES;
				GCC_C_LANGUAGE_STANDARD = gnu99;
				GCC_DYNAMIC_NO_PIC = NO;
				GCC_NO_COMMON_BLOCKS = YES;
				GCC_OPTIMIZATION_LEVEL = 0;
				GCC_PREPROCESSOR_DEFINITIONS = (
					"DEBUG=1",
					"$(inherited)",
				);
				GCC_WARN_64_TO_32_BIT_CONVERSION = YES;
				GCC_WARN_ABOUT_RETURN_TYPE = YES_ERROR;
				GCC_WARN_UNDECLARED_SELECTOR = YES;
				GCC_WARN_UNINITIALIZED_AUTOS = YES_AGGRESSIVE;
				GCC_WARN_UNUSED_FUNCTION = YES;
				GCC_WARN_UNUSED_VARIABLE = YES;
				IPHONEOS_DEPLOYMENT_TARGET = 10.3;
				MTL_ENABLE_DEBUG_INFO = YES;
				ONLY_ACTIVE_ARCH = YES;
				SDKROOT = iphoneos;
				SWIFT_ACTIVE_COMPILATION_CONDITIONS = DEBUG;
				SWIFT_OPTIMIZATION_LEVEL = "-Onone";
			};
			name = Debug;
		};
		12B559AC1F6A104A00B32108 /* Release */ = {
			isa = XCBuildConfiguration;
			buildSettings = {
				ALWAYS_SEARCH_USER_PATHS = NO;
				CLANG_ANALYZER_NONNULL = YES;
				CLANG_ANALYZER_NUMBER_OBJECT_CONVERSION = YES_AGGRESSIVE;
				CLANG_CXX_LANGUAGE_STANDARD = "gnu++0x";
				CLANG_CXX_LIBRARY = "libc++";
				CLANG_ENABLE_MODULES = YES;
				CLANG_ENABLE_OBJC_ARC = YES;
				CLANG_WARN_BOOL_CONVERSION = YES;
				CLANG_WARN_CONSTANT_CONVERSION = YES;
				CLANG_WARN_DIRECT_OBJC_ISA_USAGE = YES_ERROR;
				CLANG_WARN_DOCUMENTATION_COMMENTS = YES;
				CLANG_WARN_EMPTY_BODY = YES;
				CLANG_WARN_ENUM_CONVERSION = YES;
				CLANG_WARN_INFINITE_RECURSION = YES;
				CLANG_WARN_INT_CONVERSION = YES;
				CLANG_WARN_OBJC_ROOT_CLASS = YES_ERROR;
				CLANG_WARN_SUSPICIOUS_MOVE = YES;
				CLANG_WARN_UNREACHABLE_CODE = YES;
				CLANG_WARN__DUPLICATE_METHOD_MATCH = YES;
				"CODE_SIGN_IDENTITY[sdk=iphoneos*]" = "iPhone Developer";
				COPY_PHASE_STRIP = NO;
				DEBUG_INFORMATION_FORMAT = "dwarf-with-dsym";
				ENABLE_NS_ASSERTIONS = NO;
				ENABLE_STRICT_OBJC_MSGSEND = YES;
				GCC_C_LANGUAGE_STANDARD = gnu99;
				GCC_NO_COMMON_BLOCKS = YES;
				GCC_WARN_64_TO_32_BIT_CONVERSION = YES;
				GCC_WARN_ABOUT_RETURN_TYPE = YES_ERROR;
				GCC_WARN_UNDECLARED_SELECTOR = YES;
				GCC_WARN_UNINITIALIZED_AUTOS = YES_AGGRESSIVE;
				GCC_WARN_UNUSED_FUNCTION = YES;
				GCC_WARN_UNUSED_VARIABLE = YES;
				IPHONEOS_DEPLOYMENT_TARGET = 10.3;
				MTL_ENABLE_DEBUG_INFO = NO;
				SDKROOT = iphoneos;
				SWIFT_OPTIMIZATION_LEVEL = "-Owholemodule";
				VALIDATE_PRODUCT = YES;
			};
			name = Release;
		};
		12B559AE1F6A104A00B32108 /* Debug */ = {
			isa = XCBuildConfiguration;
			baseConfigurationReference = B11B92F131CF4DCF1D472193 /* Pods-Flicks.debug.xcconfig */;
			buildSettings = {
				ASSETCATALOG_COMPILER_APPICON_NAME = AppIcon;
				CLANG_ENABLE_MODULES = YES;
				DEVELOPMENT_TEAM = 8ACVWC32HP;
				INFOPLIST_FILE = Flicks/Info.plist;
				LD_RUNPATH_SEARCH_PATHS = "$(inherited) @executable_path/Frameworks";
				PRODUCT_BUNDLE_IDENTIFIER = ANN.Flicks;
				PRODUCT_NAME = "$(TARGET_NAME)";
				SWIFT_OBJC_BRIDGING_HEADER = "Flicks/Flicks-Bridging-Header.h";
				SWIFT_OPTIMIZATION_LEVEL = "-Onone";
				SWIFT_VERSION = 3.0;
			};
			name = Debug;
		};
		12B559AF1F6A104A00B32108 /* Release */ = {
			isa = XCBuildConfiguration;
			baseConfigurationReference = E5BCD07F56F12F05CCF25C77 /* Pods-Flicks.release.xcconfig */;
			buildSettings = {
				ASSETCATALOG_COMPILER_APPICON_NAME = AppIcon;
				CLANG_ENABLE_MODULES = YES;
				DEVELOPMENT_TEAM = 8ACVWC32HP;
				INFOPLIST_FILE = Flicks/Info.plist;
				LD_RUNPATH_SEARCH_PATHS = "$(inherited) @executable_path/Frameworks";
				PRODUCT_BUNDLE_IDENTIFIER = ANN.Flicks;
				PRODUCT_NAME = "$(TARGET_NAME)";
				SWIFT_OBJC_BRIDGING_HEADER = "Flicks/Flicks-Bridging-Header.h";
				SWIFT_VERSION = 3.0;
			};
			name = Release;
		};
		12B559B11F6A104A00B32108 /* Debug */ = {
			isa = XCBuildConfiguration;
			baseConfigurationReference = 57B71DA1EE3B51935491B34F /* Pods-FlicksTests.debug.xcconfig */;
			buildSettings = {
				ALWAYS_EMBED_SWIFT_STANDARD_LIBRARIES = YES;
				BUNDLE_LOADER = "$(TEST_HOST)";
				INFOPLIST_FILE = FlicksTests/Info.plist;
				LD_RUNPATH_SEARCH_PATHS = "$(inherited) @executable_path/Frameworks @loader_path/Frameworks";
				PRODUCT_BUNDLE_IDENTIFIER = ANN.FlicksTests;
				PRODUCT_NAME = "$(TARGET_NAME)";
				SWIFT_VERSION = 3.0;
				TEST_HOST = "$(BUILT_PRODUCTS_DIR)/Flicks.app/Flicks";
			};
			name = Debug;
		};
		12B559B21F6A104A00B32108 /* Release */ = {
			isa = XCBuildConfiguration;
			baseConfigurationReference = 23C4A61FC715DA2614424834 /* Pods-FlicksTests.release.xcconfig */;
			buildSettings = {
				ALWAYS_EMBED_SWIFT_STANDARD_LIBRARIES = YES;
				BUNDLE_LOADER = "$(TEST_HOST)";
				INFOPLIST_FILE = FlicksTests/Info.plist;
				LD_RUNPATH_SEARCH_PATHS = "$(inherited) @executable_path/Frameworks @loader_path/Frameworks";
				PRODUCT_BUNDLE_IDENTIFIER = ANN.FlicksTests;
				PRODUCT_NAME = "$(TARGET_NAME)";
				SWIFT_VERSION = 3.0;
				TEST_HOST = "$(BUILT_PRODUCTS_DIR)/Flicks.app/Flicks";
			};
			name = Release;
		};
		12B559B41F6A104A00B32108 /* Debug */ = {
			isa = XCBuildConfiguration;
			baseConfigurationReference = 70D47DD7471329A7DA5854CF /* Pods-FlicksUITests.debug.xcconfig */;
			buildSettings = {
				ALWAYS_EMBED_SWIFT_STANDARD_LIBRARIES = YES;
				INFOPLIST_FILE = FlicksUITests/Info.plist;
				LD_RUNPATH_SEARCH_PATHS = "$(inherited) @executable_path/Frameworks @loader_path/Frameworks";
				PRODUCT_BUNDLE_IDENTIFIER = ANN.FlicksUITests;
				PRODUCT_NAME = "$(TARGET_NAME)";
				SWIFT_VERSION = 3.0;
				TEST_TARGET_NAME = Flicks;
			};
			name = Debug;
		};
		12B559B51F6A104A00B32108 /* Release */ = {
			isa = XCBuildConfiguration;
			baseConfigurationReference = 12133FE014FDD0024AAD7911 /* Pods-FlicksUITests.release.xcconfig */;
			buildSettings = {
				ALWAYS_EMBED_SWIFT_STANDARD_LIBRARIES = YES;
				INFOPLIST_FILE = FlicksUITests/Info.plist;
				LD_RUNPATH_SEARCH_PATHS = "$(inherited) @executable_path/Frameworks @loader_path/Frameworks";
				PRODUCT_BUNDLE_IDENTIFIER = ANN.FlicksUITests;
				PRODUCT_NAME = "$(TARGET_NAME)";
				SWIFT_VERSION = 3.0;
				TEST_TARGET_NAME = Flicks;
			};
			name = Release;
		};
/* End XCBuildConfiguration section */

/* Begin XCConfigurationList section */
		12B559801F6A104A00B32108 /* Build configuration list for PBXProject "Flicks" */ = {
			isa = XCConfigurationList;
			buildConfigurations = (
				12B559AB1F6A104A00B32108 /* Debug */,
				12B559AC1F6A104A00B32108 /* Release */,
			);
			defaultConfigurationIsVisible = 0;
			defaultConfigurationName = Release;
		};
		12B559AD1F6A104A00B32108 /* Build configuration list for PBXNativeTarget "Flicks" */ = {
			isa = XCConfigurationList;
			buildConfigurations = (
				12B559AE1F6A104A00B32108 /* Debug */,
				12B559AF1F6A104A00B32108 /* Release */,
			);
			defaultConfigurationIsVisible = 0;
			defaultConfigurationName = Release;
		};
		12B559B01F6A104A00B32108 /* Build configuration list for PBXNativeTarget "FlicksTests" */ = {
			isa = XCConfigurationList;
			buildConfigurations = (
				12B559B11F6A104A00B32108 /* Debug */,
				12B559B21F6A104A00B32108 /* Release */,
			);
			defaultConfigurationIsVisible = 0;
			defaultConfigurationName = Release;
		};
		12B559B31F6A104A00B32108 /* Build configuration list for PBXNativeTarget "FlicksUITests" */ = {
			isa = XCConfigurationList;
			buildConfigurations = (
				12B559B41F6A104A00B32108 /* Debug */,
				12B559B51F6A104A00B32108 /* Release */,
			);
			defaultConfigurationIsVisible = 0;
			defaultConfigurationName = Release;
		};
/* End XCConfigurationList section */
	};
	rootObject = 12B5597D1F6A104A00B32108 /* Project object */;
}
